github.com/acarl005/stripansi v0.0.0-20180116102854-5a71ef0e047d h1:licZJFw2RwpHMqeKTCYkitsPqHNxTmd4SNR5r94FGM8=
github.com/acarl005/stripansi v0.0.0-20180116102854-5a71ef0e047d/go.mod h1:asat636LX7Bqt5lYEZ27JNDcqxfjdBQuJ/MM4CN/Lzo=
github.com/davecgh/go-spew v1.1.0 h1:ZDRjVQ15GmhC3fiQ8ni8+OwkZQO4DARzQgrnXU1Liz8=
github.com/davecgh/go-spew v1.1.0/go.mod h1:J7Y8YcW2NihsgmVo/mv3lAwl/skON4iLHjSsI+c5H38=
github.com/pmezard/go-difflib v1.0.0 h1:4DBwDE0NGyQoBHbLQYPwSUPoCMWR5BEzIk/f1lZbAQM=
github.com/pmezard/go-difflib v1.0.0/go.mod h1:iKH77koFhYxTK1pcRnkKkqfTogsbg7gZNVY4sRDYZ/4=
github.com/reconquest/callbackwriter-go v0.0.0-20160818100920-951e238f72da h1:xBUNZBPFlY8zFDh5RKYjDmTZIR3N4f0o5ca0uiGxIJM=
github.com/reconquest/callbackwriter-go v0.0.0-20160818100920-951e238f72da/go.mod h1:/3bq4ExKQqS6ePDFGWVTGxRjjjxsTbq82ECn6SGjrck=
github.com/reconquest/karma-go v0.0.0-20211029072727-6027c6225ce4 h1:HuM4N4Zliq6nyqRXLl/NJpQxIaxVdhJ9TXoW8rrTWuo=
github.com/reconquest/karma-go v0.0.0-20211029072727-6027c6225ce4/go.mod h1:0SJV7OD+RmNxn0wsLWXQIVYiKS3szqhFv5PQvjLX2Ds=
github.com/reconquest/lineflushwriter-go v0.0.0-20200921103343-b9b8d10a6851 h1:o2J6abTvFylmmepI2GgNSeZZlUUz4xz3UStWIY6EXLk=
github.com/reconquest/lineflushwriter-go v0.0.0-20200921103343-b9b8d10a6851/go.mod h1:tpO+vNC9ppBvJErZXrQpfwiVDuza5k1nRWH7SrutKtY=
github.com/reconquest/nopio-go v0.0.0-20161213101805-20796acb207f h1:IA86P8l4xRMNbd021H3fGgdIT/B5D/bvdT0xsMqOC/c=
github.com/reconquest/nopio-go v0.0.0-20161213101805-20796acb207f/go.mod h1:xyNcU6XK6bQpR3pVBIHFPi4Xh6NV/FBKnWkYV8lwv1k=
github.com/stretchr/objx v0.1.0/go.mod h1:HFkY916IF+rwdDfMAkV7OtwuqBVzrE8GR6GFx+wExME=
github.com/stretchr/testify v1.7.1 h1:5TQK59W5E3v0r2duFAb7P95B6hEeOyEnHRa8MjYSMTY=
github.com/stretchr/testify v1.7.1/go.mod h1:6Fq8oRcR53rry900zMqJjRRixrwX3KX962/h/Wwjteg=
gopkg.in/check.v1 v0.0.0-20161208181325-20d25e280405 h1:yhCVgyC4o1eVCa2tZl7eS0r+SDo693bJlVdllGtEeKM=
gopkg.in/check.v1 v0.0.0-20161208181325-20d25e280405/go.mod h1:Co6ibVJAznAaIkqp8huTwlJQCZ016jof/cbN4VW5Yz0=
gopkg.in/yaml.v3 v3.0.0-20200313102051-9f266ea9e77c h1:dUUwHk2QECo/6vqA44rthZ8ie2QXMNeKRTHCNY2nXvo=
gopkg.in/yaml.v3 v3.0.0-20200313102051-9f266ea9e77c/go.mod h1:K4uyk7z7BCEPqu6E+C64Yfv1cQ7kz7rIZviUmN+EgEM=
